
Microsoft Visual Studio Solution File, Format Version 12.00
# Visual Studio 14
VisualStudioVersion = 14.0.25420.1
MinimumVisualStudioVersion = 10.0.40219.1
Project("{FAE04EC0-301F-11D3-BF4B-00C04F79EFBC}") = "ProgrammingProject5", "CST-117_Project_5\ProgrammingProject5.csproj", "{C3BB688C-B078-40C4-B42A-0B7D8FCA9FCB}"
EndProject
Global
	GlobalSection(SolutionConfigurationPlatforms) = preSolution
		Debug|Any CPU = Debug|Any CPU
		Release|Any CPU = Release|Any CPU
	EndGlobalSection
	GlobalSection(ProjectConfigurationPlatforms) = postSolution
		{C3BB688C-B078-40C4-B42A-0B7D8FCA9FCB}.Debug|Any CPU.ActiveCfg = Debug|Any CPU
		{C3BB688C-B078-40C4-B42A-0B7D8FCA9FCB}.Debug|Any CPU.Build.0 = Debug|Any CPU
		{C3BB688C-B078-40C4-B42A-0B7D8FCA9FCB}.Release|Any CPU.ActiveCfg = Release|Any CPU
		{C3BB688C-B078-40C4-B42A-0B7D8FCA9FCB}.Release|Any CPU.Build.0 = Release|Any CPU
	EndGlobalSection
	GlobalSection(SolutionProperties) = preSolution
		HideSolutionNode = FALSE
	EndGlobalSection
	GlobalSection(ExtensibilityGlobals) = postSolution
		SolutionGuid = {47EE4A1C-FAD8-4A7C-A1FA-7F308A83F2D8}
	EndGlobalSection
EndGlobal
